3bb7074288b34f94d28c681ad1787bef  commission_engine_pinned/commission_engine/__init__.py
ed79e6a20bc3282163f49107c8c4ae37  commission_engine_pinned/commission_engine/approved_commercial_allocation.py
c52720b2af7231bd34c9008786823b97  commission_engine_pinned/commission_engine/approved_plan.py
dd910526b7ad3a54a65a35bc56bcc708  commission_engine_pinned/commission_engine/approved_rank_reward_plan.py
61713badef157943b965e8b2037999cc  commission_engine_pinned/commission_engine/calculators.py
dffe71a043213d1dd75a4d373b932db1  commission_engine_pinned/commission_engine/ceiling_validator.py
c586a74bda1eedb9ff5316505abf7b5b  commission_engine_pinned/commission_engine/commercial_allocation.py
aab33dbbad579bd8501466db2df347c8  commission_engine_pinned/commission_engine/engine.py
6cf7918c5400afd9091a9a46ad24fcf9  commission_engine_pinned/commission_engine/genealogy.py
e5eaaf6884f55acd953acfd70ce6b7e3  commission_engine_pinned/commission_engine/idempotency.py
5bf4538047688456b425a43ace51e06f  commission_engine_pinned/commission_engine/ledger.py
e361885ca2d7059b23f3733f960dd083  commission_engine_pinned/commission_engine/models.py
82fc44054411d059b567b8d08d573bf3  commission_engine_pinned/commission_engine/plan_version.py
933347ae0053a9322ef0f897469956f5  commission_engine_pinned/commission_engine/rank.py
b1d0aa7ed1d671eb0ceb3362b63e3eea  commission_engine_pinned/commission_engine/rank_reward_pool.py
f44578290a6d37b3dcb17bcec71d2444  commission_engine_pinned/commission_engine/tree.py
697cefc4b5f81e96305b094827f33e3d  commission_engine_pinned/commission_engine/undistributed.py
083977e13e51b3640bd9a9859202b13a  commission_engine_pinned/commission_engine/year_end.py
